// !$*UTF8*$!
{
	archiveVersion = 1;
	classes = {
	};
	objectVersion = 50;
	objects = {

/* Begin PBXBuildFile section */
		8C7ACEBCBFC4A9F912C0A579 /* Pods_PrincipleCheatSheetTests.framework in Frameworks */ = {isa = PBXBuildFile; fileRef = 6969808D6BFA365916FF25C6 /* Pods_PrincipleCheatSheetTests.framework */; };
		B5393C7821CBDFE500B1FFF9 /* AppDelegate.swift in Sources */ = {isa = PBXBuildFile; fileRef = B5393C7721CBDFE500B1FFF9 /* AppDelegate.swift */; };
		B5393C7A21CBDFE500B1FFF9 /* ViewController.swift in Sources */ = {isa = PBXBuildFile; fileRef = B5393C7921CBDFE500B1FFF9 /* ViewController.swift */; };
		B5393C7C21CBDFE600B1FFF9 /* Assets.xcassets in Resources */ = {isa = PBXBuildFile; fileRef = B5393C7B21CBDFE600B1FFF9 /* Assets.xcassets */; };
		B5393C7F21CBDFE600B1FFF9 /* Main.storyboard in Resources */ = {isa = PBXBuildFile; fileRef = B5393C7D21CBDFE600B1FFF9 /* Main.storyboard */; };
		B5393C8B21CBDFE600B1FFF9 /* PrincipleCheatSheetTests.swift in Sources */ = {isa = PBXBuildFile; fileRef = B5393C8A21CBDFE600B1FFF9 /* PrincipleCheatSheetTests.swift */; };
		E8DE16123D3D79EEFD6F85AC /* Pods_PrincipleCheatSheet.framework in Frameworks */ = {isa = PBXBuildFile; fileRef = 4D2DEED9339E20E0513C7D1D /* Pods_PrincipleCheatSheet.framework */; };
/* End PBXBuildFile section */

/* Begin PBXContainerItemProxy section */
		B5393C8721CBDFE600B1FFF9 /* PBXContainerItemProxy */ = {
			isa = PBXContainerItemProxy;
			containerPortal = B5393C6C21CBDFE400B1FFF9 /* Project object */;
			proxyType = 1;
			remoteGlobalIDString = B5393C7321CBDFE500B1FFF9;
			remoteInfo = PrincipleCheatSheet;
		};
/* End PBXContainerItemProxy section */

/* Begin PBXFileReference section */
		002BE34144E93B6E281B919C /* Pods-PrincipleCheatSheet.debug.xcconfig */ = {isa = PBXFileReference; includeInIndex = 1; lastKnownFileType = text.xcconfig; name = "Pods-PrincipleCheatSheet.debug.xcconfig"; path = "Pods/Target Support Files/Pods-PrincipleCheatSheet/Pods-PrincipleCheatSheet.debug.xcconfig"; sourceTree = "<group>"; };
		12B82E5541511B3A612E8394 /* Pods-PrincipleCheatSheet.release.xcconfig */ = {isa = PBXFileReference; includeInIndex = 1; lastKnownFileType = text.xcconfig; name = "Pods-PrincipleCheatSheet.release.xcconfig"; path = "Pods/Target Support Files/Pods-PrincipleCheatSheet/Pods-PrincipleCheatSheet.release.xcconfig"; sourceTree = "<group>"; };
		2F76FA1CC07BE123AB662426 /* Pods-PrincipleCheatSheetTests.debug.xcconfig */ = {isa = PBXFileReference; includeInIndex = 1; lastKnownFileType = text.xcconfig; name = "Pods-PrincipleCheatSheetTests.debug.xcconfig"; path = "Pods/Target Support Files/Pods-PrincipleCheatSheetTests/Pods-PrincipleCheatSheetTests.debug.xcconfig"; sourceTree = "<group>"; };
		4D2DEED9339E20E0513C7D1D /* Pods_PrincipleCheatSheet.framework */ = {isa = PBXFileReference; explicitFileType = wrapper.framework; includeInIndex = 0; path = Pods_PrincipleCheatSheet.framework; sourceTree = BUILT_PRODUCTS_DIR; };
		6969808D6BFA365916FF25C6 /* Pods_PrincipleCheatSheetTests.framework */ = {isa = PBXFileReference; explicitFileType = wrapper.framework; includeInIndex = 0; path = Pods_PrincipleCheatSheetTests.framework; sourceTree = BUILT_PRODUCTS_DIR; };
		B5393C7421CBDFE500B1FFF9 /* PrincipleCheatSheet.app */ = {isa = PBXFileReference; explicitFileType = wrapper.application; includeInIndex = 0; path = PrincipleCheatSheet.app; sourceTree = BUILT_PRODUCTS_DIR; };
		B5393C7721CBDFE500B1FFF9 /* AppDelegate.swift */ = {isa = PBXFileReference; lastKnownFileType = sourcecode.swift; path = AppDelegate.swift; sourceTree = "<group>"; };
		B5393C7921CBDFE500B1FFF9 /* ViewController.swift */ = {isa = PBXFileReference; lastKnownFileType = sourcecode.swift; path = ViewController.swift; sourceTree = "<group>"; };
		B5393C7B21CBDFE600B1FFF9 /* Assets.xcassets */ = {isa = PBXFileReference; lastKnownFileType = folder.assetcatalog; path = Assets.xcassets; sourceTree = "<group>"; };
		B5393C7E21CBDFE600B1FFF9 /* Base */ = {isa = PBXFileReference; lastKnownFileType = file.storyboard; name = Base; path = Base.lproj/Main.storyboard; sourceTree = "<group>"; };
		B5393C8021CBDFE600B1FFF9 /* Info.plist */ = {isa = PBXFileReference; lastKnownFileType = text.plist.xml; path = Info.plist; sourceTree = "<group>"; };
		B5393C8121CBDFE600B1FFF9 /* PrincipleCheatSheet.entitlements */ = {isa = PBXFileReference; lastKnownFileType = text.plist.entitlements; path = PrincipleCheatSheet.entitlements; sourceTree = "<group>"; };
		B5393C8621CBDFE600B1FFF9 /* PrincipleCheatSheetTests.xctest */ = {isa = PBXFileReference; explicitFileType = wrapper.cfbundle; includeInIndex = 0; path = PrincipleCheatSheetTests.xctest; sourceTree = BUILT_PRODUCTS_DIR; };
		B5393C8A21CBDFE600B1FFF9 /* PrincipleCheatSheetTests.swift */ = {isa = PBXFileReference; lastKnownFileType = sourcecode.swift; path = PrincipleCheatSheetTests.swift; sourceTree = "<group>"; };
		B5393C8C21CBDFE600B1FFF9 /* Info.plist */ = {isa = PBXFileReference; lastKnownFileType = text.plist.xml; path = Info.plist; sourceTree = "<group>"; };
		B7DD23502F3690D234B9495F /* Pods-PrincipleCheatSheetTests.release.xcconfig */ = {isa = PBXFileReference; includeInIndex = 1; lastKnownFileType = text.xcconfig; name = "Pods-PrincipleCheatSheetTests.release.xcconfig"; path = "Pods/Target Support Files/Pods-PrincipleCheatSheetTests/Pods-PrincipleCheatSheetTests.release.xcconfig"; sourceTree = "<group>"; };
/* End PBXFileReference section */

/* Begin PBXFrameworksBuildPhase section */
		B5393C7121CBDFE500B1FFF9 /* Frameworks */ = {
			isa = PBXFrameworksBuildPhase;
			buildActionMask = 2147483647;
			files = (
				E8DE16123D3D79EEFD6F85AC /* Pods_PrincipleCheatSheet.framework in Frameworks */,
			);
			runOnlyForDeploymentPostprocessing = 0;
		};
		B5393C8321CBDFE600B1FFF9 /* Frameworks */ = {
			isa = PBXFrameworksBuildPhase;
			buildActionMask = 2147483647;
			files = (
				8C7ACEBCBFC4A9F912C0A579 /* Pods_PrincipleCheatSheetTests.framework in Frameworks */,
			);
			runOnlyForDeploymentPostprocessing = 0;
		};
/* End PBXFrameworksBuildPhase section */

/* Begin PBXGroup section */
		6201751A8D82563E72392C6B /* Frameworks */ = {
			isa = PBXGroup;
			children = (
				4D2DEED9339E20E0513C7D1D /* Pods_PrincipleCheatSheet.framework */,
				6969808D6BFA365916FF25C6 /* Pods_PrincipleCheatSheetTests.framework */,
			);
			name = Frameworks;
			sourceTree = "<group>";
		};
		B5393C6B21CBDFE400B1FFF9 = {
			isa = PBXGroup;
			children = (
				B5393C7621CBDFE500B1FFF9 /* PrincipleCheatSheet */,
				B5393C8921CBDFE600B1FFF9 /* PrincipleCheatSheetTests */,
				B5393C7521CBDFE500B1FFF9 /* Products */,
				C8807EC97E4583857F1150A3 /* Pods */,
				6201751A8D82563E72392C6B /* Frameworks */,
			);
			sourceTree = "<group>";
		};
		B5393C7521CBDFE500B1FFF9 /* Products */ = {
			isa = PBXGroup;
			children = (
				B5393C7421CBDFE500B1FFF9 /* PrincipleCheatSheet.app */,
				B5393C8621CBDFE600B1FFF9 /* PrincipleCheatSheetTests.xctest */,
			);
			name = Products;
			sourceTree = "<group>";
		};
		B5393C7621CBDFE500B1FFF9 /* PrincipleCheatSheet */ = {
			isa = PBXGroup;
			children = (
				B5393C7721CBDFE500B1FFF9 /* AppDelegate.swift */,
				B5393C7921CBDFE500B1FFF9 /* ViewController.swift */,
				B5393C7B21CBDFE600B1FFF9 /* Assets.xcassets */,
				B5393C7D21CBDFE600B1FFF9 /* Main.storyboard */,
				B5393C8021CBDFE600B1FFF9 /* Info.plist */,
				B5393C8121CBDFE600B1FFF9 /* PrincipleCheatSheet.entitlements */,
			);
			path = PrincipleCheatSheet;
			sourceTree = "<group>";
		};
		B5393C8921CBDFE600B1FFF9 /* PrincipleCheatSheetTests */ = {
			isa = PBXGroup;
			children = (
				B5393C8A21CBDFE600B1FFF9 /* PrincipleCheatSheetTests.swift */,
				B5393C8C21CBDFE600B1FFF9 /* Info.plist */,
			);
			path = PrincipleCheatSheetTests;
			sourceTree = "<group>";
		};
		C8807EC97E4583857F1150A3 /* Pods */ = {
			isa = PBXGroup;
			children = (
				002BE34144E93B6E281B919C /* Pods-PrincipleCheatSheet.debug.xcconfig */,
				12B82E5541511B3A612E8394 /* Pods-PrincipleCheatSheet.release.xcconfig */,
				2F76FA1CC07BE123AB662426 /* Pods-PrincipleCheatSheetTests.debug.xcconfig */,
				B7DD23502F3690D234B9495F /* Pods-PrincipleCheatSheetTests.release.xcconfig */,
			);
			name = Pods;
			sourceTree = "<group>";
		};
/* End PBXGroup section */

/* Begin PBXNativeTarget section */
		B5393C7321CBDFE500B1FFF9 /* PrincipleCheatSheet */ = {
			isa = PBXNativeTarget;
			buildConfigurationList = B5393C8F21CBDFE600B1FFF9 /* Build configuration list for PBXNativeTarget "PrincipleCheatSheet" */;
			buildPhases = (
				222C3B6289D24C6026DB2828 /* [CP] Check Pods Manifest.lock */,
				B5393C7021CBDFE500B1FFF9 /* Sources */,
				B5393C7121CBDFE500B1FFF9 /* Frameworks */,
				B5393C7221CBDFE500B1FFF9 /* Resources */,
				8502FF10DC3B6EBC06B7AB4E /* [CP] Embed Pods Frameworks */,
			);
			buildRules = (
			);
			dependencies = (
			);
			name = PrincipleCheatSheet;
			productName = PrincipleCheatSheet;
			productReference = B5393C7421CBDFE500B1FFF9 /* PrincipleCheatSheet.app */;
			productType = "com.apple.product-type.application";
		};
		B5393C8521CBDFE600B1FFF9 /* PrincipleCheatSheetTests */ = {
			isa = PBXNativeTarget;
			buildConfigurationList = B5393C9221CBDFE600B1FFF9 /* Build configuration list for PBXNativeTarget "PrincipleCheatSheetTests" */;
			buildPhases = (
				F4B19E04A5E9C399A3267071 /* [CP] Check Pods Manifest.lock */,
				B5393C8221CBDFE600B1FFF9 /* Sources */,
				B5393C8321CBDFE600B1FFF9 /* Frameworks */,
				B5393C8421CBDFE600B1FFF9 /* Resources */,
			);
			buildRules = (
			);
			dependencies = (
				B5393C8821CBDFE600B1FFF9 /* PBXTargetDependency */,
			);
			name = PrincipleCheatSheetTests;
			productName = PrincipleCheatSheetTests;
			productReference = B5393C8621CBDFE600B1FFF9 /* PrincipleCheatSheetTests.xctest */;
			productType = "com.apple.product-type.bundle.unit-test";
		};
/* End PBXNativeTarget section */

/* Begin PBXProject section */
		B5393C6C21CBDFE400B1FFF9 /* Project object */ = {
			isa = PBXProject;
			attributes = {
				LastSwiftUpdateCheck = 1010;
				LastUpgradeCheck = 1010;
				ORGANIZATIONNAME = "Kenji Tanaka";
				TargetAttributes = {
					B5393C7321CBDFE500B1FFF9 = {
						CreatedOnToolsVersion = 10.1;
					};
					B5393C8521CBDFE600B1FFF9 = {
						CreatedOnToolsVersion = 10.1;
						TestTargetID = B5393C7321CBDFE500B1FFF9;
					};
				};
			};
			buildConfigurationList = B5393C6F21CBDFE400B1FFF9 /* Build configuration list for PBXProject "PrincipleCheatSheet" */;
			compatibilityVersion = "Xcode 9.3";
			developmentRegion = en;
			hasScannedForEncodings = 0;
			knownRegions = (
				en,
				Base,
			);
			mainGroup = B5393C6B21CBDFE400B1FFF9;
			productRefGroup = B5393C7521CBDFE500B1FFF9 /* Products */;
			projectDirPath = "";
			projectRoot = "";
			targets = (
				B5393C7321CBDFE500B1FFF9 /* PrincipleCheatSheet */,
				B5393C8521CBDFE600B1FFF9 /* PrincipleCheatSheetTests */,
			);
		};
/* End PBXProject section */

/* Begin PBXResourcesBuildPhase section */
		B5393C7221CBDFE500B1FFF9 /* Resources */ = {
			isa = PBXResourcesBuildPhase;
			buildActionMask = 2147483647;
			files = (
				B5393C7C21CBDFE600B1FFF9 /* Assets.xcassets in Resources */,
				B5393C7F21CBDFE600B1FFF9 /* Main.storyboard in Resources */,
			);
			runOnlyForDeploymentPostprocessing = 0;
		};
		B5393C8421CBDFE600B1FFF9 /* Resources */ = {
			isa = PBXResourcesBuildPhase;
			buildActionMask = 2147483647;
			files = (
			);
			runOnlyForDeploymentPostprocessing = 0;
		};
/* End PBXResourcesBuildPhase section */

/* Begin PBXShellScriptBuildPhase section */
		222C3B6289D24C6026DB2828 /* [CP] Check Pods Manifest.lock */ = {
			isa = PBXShellScriptBuildPhase;
			buildActionMask = 2147483647;
			files = (
			);
			inputPaths = (
				"${PODS_PODFILE_DIR_PATH}/Podfile.lock",
				"${PODS_ROOT}/Manifest.lock",
			);
			name = "[CP] Check Pods Manifest.lock";
			outputPaths = (
				"$(DERIVED_FILE_DIR)/Pods-PrincipleCheatSheet-checkManifestLockResult.txt",
			);
			runOnlyForDeploymentPostprocessing = 0;
			shellPath = /bin/sh;
			shellScript = "diff \"${PODS_PODFILE_DIR_PATH}/Podfile.lock\" \"${PODS_ROOT}/Manifest.lock\" > /dev/null\nif [ $? != 0 ] ; then\n    # print error to STDERR\n    echo \"error: The sandbox is not in sync with the Podfile.lock. Run 'pod install' or update your CocoaPods installation.\" >&2\n    exit 1\nfi\n# This output is used by Xcode 'outputs' to avoid re-running this script phase.\necho \"SUCCESS\" > \"${SCRIPT_OUTPUT_FILE_0}\"\n";
			showEnvVarsInLog = 0;
		};
		8502FF10DC3B6EBC06B7AB4E /* [CP] Embed Pods Frameworks */ = {
			isa = PBXShellScriptBuildPhase;
			buildActionMask = 2147483647;
			files = (
			);
			inputPaths = (
				"${PODS_ROOT}/Target Support Files/Pods-PrincipleCheatSheet/Pods-PrincipleCheatSheet-frameworks.sh",
				"${BUILT_PRODUCTS_DIR}/HotKey/HotKey.framework",
			);
			name = "[CP] Embed Pods Frameworks";
			outputPaths = (
				"${TARGET_BUILD_DIR}/${FRAMEWORKS_FOLDER_PATH}/HotKey.framework",
			);
			runOnlyForDeploymentPostprocessing = 0;
			shellPath = /bin/sh;
			shellScript = "\"${PODS_ROOT}/Target Support Files/Pods-PrincipleCheatSheet/Pods-PrincipleCheatSheet-frameworks.sh\"\n";
			showEnvVarsInLog = 0;
		};
		F4B19E04A5E9C399A3267071 /* [CP] Check Pods Manifest.lock */ = {
			isa = PBXShellScriptBuildPhase;
			buildActionMask = 2147483647;
			files = (
			);
			inputPaths = (
				"${PODS_PODFILE_DIR_PATH}/Podfile.lock",
				"${PODS_ROOT}/Manifest.lock",
			);
			name = "[CP] Check Pods Manifest.lock";
			outputPaths = (
				"$(DERIVED_FILE_DIR)/Pods-PrincipleCheatSheetTests-checkManifestLockResult.txt",
			);
			runOnlyForDeploymentPostprocessing = 0;
			shellPath = /bin/sh;
			shellScript = "diff \"${PODS_PODFILE_DIR_PATH}/Podfile.lock\" \"${PODS_ROOT}/Manifest.lock\" > /dev/null\nif [ $? != 0 ] ; then\n    # print error to STDERR\n    echo \"error: The sandbox is not in sync with the Podfile.lock. Run 'pod install' or update your CocoaPods installation.\" >&2\n    exit 1\nfi\n# This output is used by Xcode 'outputs' to avoid re-running this script phase.\necho \"SUCCESS\" > \"${SCRIPT_OUTPUT_FILE_0}\"\n";
			showEnvVarsInLog = 0;
		};
/* End PBXShellScriptBuildPhase section */

/* Begin PBXSourcesBuildPhase section */
		B5393C7021CBDFE500B1FFF9 /* Sources */ = {
			isa = PBXSourcesBuildPhase;
			buildActionMask = 2147483647;
			files = (
				B5393C7A21CBDFE500B1FFF9 /* ViewController.swift in Sources */,
				B5393C7821CBDFE500B1FFF9 /* AppDelegate.swift in Sources */,
			);
			runOnlyForDeploymentPostprocessing = 0;
		};
		B5393C8221CBDFE600B1FFF9 /* Sources */ = {
			isa = PBXSourcesBuildPhase;
			buildActionMask = 2147483647;
			files = (
				B5393C8B21CBDFE600B1FFF9 /* PrincipleCheatSheetTests.swift in Sources */,
			);
			runOnlyForDeploymentPostprocessing = 0;
		};
/* End PBXSourcesBuildPhase section */

/* Begin PBXTargetDependency section */
		B5393C8821CBDFE600B1FFF9 /* PBXTargetDependency */ = {
			isa = PBXTargetDependency;
			target = B5393C7321CBDFE500B1FFF9 /* PrincipleCheatSheet */;
			targetProxy = B5393C8721CBDFE600B1FFF9 /* PBXContainerItemProxy */;
		};
/* End PBXTargetDependency section */

/* Begin PBXVariantGroup section */
		B5393C7D21CBDFE600B1FFF9 /* Main.storyboard */ = {
			isa = PBXVariantGroup;
			children = (
				B5393C7E21CBDFE600B1FFF9 /* Base */,
			);
			name = Main.storyboard;
			sourceTree = "<group>";
		};
/* End PBXVariantGroup section */

/* Begin XCBuildConfiguration section */
		B5393C8D21CBDFE600B1FFF9 /* Debug */ = {
			isa = XCBuildConfiguration;
			buildSettings = {
				ALWAYS_SEARCH_USER_PATHS = NO;
				CLANG_ANALYZER_NONNULL = YES;
				CLANG_ANALYZER_NUMBER_OBJECT_CONVERSION = YES_AGGRESSIVE;
				CLANG_CXX_LANGUAGE_STANDARD = "gnu++14";
				CLANG_CXX_LIBRARY = "libc++";
				CLANG_ENABLE_MODULES = YES;
				CLANG_ENABLE_OBJC_ARC = YES;
				CLANG_ENABLE_OBJC_WEAK = YES;
				CLANG_WARN_BLOCK_CAPTURE_AUTORELEASING = YES;
				CLANG_WARN_BOOL_CONVERSION = YES;
				CLANG_WARN_COMMA = YES;
				CLANG_WARN_CONSTANT_CONVERSION = YES;
				CLANG_WARN_DEPRECATED_OBJC_IMPLEMENTATIONS = YES;
				CLANG_WARN_DIRECT_OBJC_ISA_USAGE = YES_ERROR;
				CLANG_WARN_DOCUMENTATION_COMMENTS = YES;
				CLANG_WARN_EMPTY_BODY = YES;
				CLANG_WARN_ENUM_CONVERSION = YES;
				CLANG_WARN_INFINITE_RECURSION = YES;
				CLANG_WARN_INT_CONVERSION = YES;
				CLANG_WARN_NON_LITERAL_NULL_CONVERSION = YES;
				CLANG_WARN_OBJC_IMPLICIT_RETAIN_SELF = YES;
				CLANG_WARN_OBJC_LITERAL_CONVERSION = YES;
				CLANG_WARN_OBJC_ROOT_CLASS = YES_ERROR;
				CLANG_WARN_RANGE_LOOP_ANALYSIS = YES;
				CLANG_WARN_STRICT_PROTOTYPES = YES;
				CLANG_WARN_SUSPICIOUS_MOVE = YES;
				CLANG_WARN_UNGUARDED_AVAILABILITY = YES_AGGRESSIVE;
				CLANG_WARN_UNREACHABLE_CODE = YES;
				CLANG_WARN__DUPLICATE_METHOD_MATCH = YES;
				CODE_SIGN_IDENTITY = "-";
				COPY_PHASE_STRIP = NO;
				DEBUG_INFORMATION_FORMAT = dwarf;
				ENABLE_STRICT_OBJC_MSGSEND = YES;
				ENABLE_TESTABILITY = YES;
				GCC_C_LANGUAGE_STANDARD = gnu11;
				GCC_DYNAMIC_NO_PIC = NO;
				GCC_NO_COMMON_BLOCKS = YES;
				GCC_OPTIMIZATION_LEVEL = 0;
				GCC_PREPROCESSOR_DEFINITIONS = (
					"DEBUG=1",
					"$(inherited)",
				);
				GCC_WARN_64_TO_32_BIT_CONVERSION = YES;
				GCC_WARN_ABOUT_RETURN_TYPE = YES_ERROR;
				GCC_WARN_UNDECLARED_SELECTOR = YES;
				GCC_WARN_UNINITIALIZED_AUTOS = YES_AGGRESSIVE;
				GCC_WARN_UNUSED_FUNCTION = YES;
				GCC_WARN_UNUSED_VARIABLE = YES;
				MACOSX_DEPLOYMENT_TARGET = 10.13;
				MTL_ENABLE_DEBUG_INFO = INCLUDE_SOURCE;
				MTL_FAST_MATH = YES;
				ONLY_ACTIVE_ARCH = YES;
				SDKROOT = macosx;
				SWIFT_ACTIVE_COMPILATION_CONDITIONS = DEBUG;
				SWIFT_OPTIMIZATION_LEVEL = "-Onone";
			};
			name = Debug;
		};
		B5393C8E21CBDFE600B1FFF9 /* Release */ = {
			isa = XCBuildConfiguration;
			buildSettings = {
				ALWAYS_SEARCH_USER_PATHS = NO;
				CLANG_ANALYZER_NONNULL = YES;
				CLANG_ANALYZER_NUMBER_OBJECT_CONVERSION = YES_AGGRESSIVE;
				CLANG_CXX_LANGUAGE_STANDARD = "gnu++14";
				CLANG_CXX_LIBRARY = "libc++";
				CLANG_ENABLE_MODULES = YES;
				CLANG_ENABLE_OBJC_ARC = YES;
				CLANG_ENABLE_OBJC_WEAK = YES;
				CLANG_WARN_BLOCK_CAPTURE_AUTORELEASING = YES;
				CLANG_WARN_BOOL_CONVERSION = YES;
				CLANG_WARN_COMMA = YES;
				CLANG_WARN_CONSTANT_CONVERSION = YES;
				CLANG_WARN_DEPRECATED_OBJC_IMPLEMENTATIONS = YES;
				CLANG_WARN_DIRECT_OBJC_ISA_USAGE = YES_ERROR;
				CLANG_WARN_DOCUMENTATION_COMMENTS = YES;
				CLANG_WARN_EMPTY_BODY = YES;
				CLANG_WARN_ENUM_CONVERSION = YES;
				CLANG_WARN_INFINITE_RECURSION = YES;
				CLANG_WARN_INT_CONVERSION = YES;
				CLANG_WARN_NON_LITERAL_NULL_CONVERSION = YES;
				CLANG_WARN_OBJC_IMPLICIT_RETAIN_SELF = YES;
				CLANG_WARN_OBJC_LITERAL_CONVERSION = YES;
				CLANG_WARN_OBJC_ROOT_CLASS = YES_ERROR;
				CLANG_WARN_RANGE_LOOP_ANALYSIS = YES;
				CLANG_WARN_STRICT_PROTOTYPES = YES;
				CLANG_WARN_SUSPICIOUS_MOVE = YES;
				CLANG_WARN_UNGUARDED_AVAILABILITY = YES_AGGRESSIVE;
				CLANG_WARN_UNREACHABLE_CODE = YES;
				CLANG_WARN__DUPLICATE_METHOD_MATCH = YES;
				CODE_SIGN_IDENTITY = "-";
				COPY_PHASE_STRIP = NO;
				DEBUG_INFORMATION_FORMAT = "dwarf-with-dsym";
				ENABLE_NS_ASSERTIONS = NO;
				ENABLE_STRICT_OBJC_MSGSEND = YES;
				GCC_C_LANGUAGE_STANDARD = gnu11;
				GCC_NO_COMMON_BLOCKS = YES;
				GCC_WARN_64_TO_32_BIT_CONVERSION = YES;
				GCC_WARN_ABOUT_RETURN_TYPE = YES_ERROR;
				GCC_WARN_UNDECLARED_SELECTOR = YES;
				GCC_WARN_UNINITIALIZED_AUTOS = YES_AGGRESSIVE;
				GCC_WARN_UNUSED_FUNCTION = YES;
				GCC_WARN_UNUSED_VARIABLE = YES;
				MACOSX_DEPLOYMENT_TARGET = 10.13;
				MTL_ENABLE_DEBUG_INFO = NO;
				MTL_FAST_MATH = YES;
				SDKROOT = macosx;
				SWIFT_COMPILATION_MODE = wholemodule;
				SWIFT_OPTIMIZATION_LEVEL = "-O";
			};
			name = Release;
		};
		B5393C9021CBDFE600B1FFF9 /* Debug */ = {
			isa = XCBuildConfiguration;
			baseConfigurationReference = 002BE34144E93B6E281B919C /* Pods-PrincipleCheatSheet.debug.xcconfig */;
			buildSettings = {
				ASSETCATALOG_COMPILER_APPICON_NAME = AppIcon;
				CODE_SIGN_ENTITLEMENTS = PrincipleCheatSheet/PrincipleCheatSheet.entitlements;
				CODE_SIGN_STYLE = Automatic;
				COMBINE_HIDPI_IMAGES = YES;
				INFOPLIST_FILE = PrincipleCheatSheet/Info.plist;
				LD_RUNPATH_SEARCH_PATHS = (
					"$(inherited)",
					"@executable_path/../Frameworks",
				);
				PRODUCT_BUNDLE_IDENTIFIER = com.ktanaka117.PrincipleCheatSheet;
				PRODUCT_NAME = "$(TARGET_NAME)";
				SWIFT_VERSION = 4.2;
			};
			name = Debug;
		};
		B5393C9121CBDFE600B1FFF9 /* Release */ = {
			isa = XCBuildConfiguration;
			baseConfigurationReference = 12B82E5541511B3A612E8394 /* Pods-PrincipleCheatSheet.release.xcconfig */;
			buildSettings = {
				ASSETCATALOG_COMPILER_APPICON_NAME = AppIcon;
				CODE_SIGN_ENTITLEMENTS = PrincipleCheatSheet/PrincipleCheatSheet.entitlements;
				CODE_SIGN_STYLE = Automatic;
				COMBINE_HIDPI_IMAGES = YES;
				INFOPLIST_FILE = PrincipleCheatSheet/Info.plist;
				LD_RUNPATH_SEARCH_PATHS = (
					"$(inherited)",
					"@executable_path/../Frameworks",
				);
				PRODUCT_BUNDLE_IDENTIFIER = com.ktanaka117.PrincipleCheatSheet;
				PRODUCT_NAME = "$(TARGET_NAME)";
				SWIFT_VERSION = 4.2;
			};
			name = Release;
		};
		B5393C9321CBDFE600B1FFF9 /* Debug */ = {
			isa = XCBuildConfiguration;
			baseConfigurationReference = 2F76FA1CC07BE123AB662426 /* Pods-PrincipleCheatSheetTests.debug.xcconfig */;
			buildSettings = {
				ALWAYS_EMBED_SWIFT_STANDARD_LIBRARIES = YES;
				BUNDLE_LOADER = "$(TEST_HOST)";
				CODE_SIGN_STYLE = Automatic;
				COMBINE_HIDPI_IMAGES = YES;
				INFOPLIST_FILE = PrincipleCheatSheetTests/Info.plist;
				LD_RUNPATH_SEARCH_PATHS = (
					"$(inherited)",
					"@executable_path/../Frameworks",
					"@loader_path/../Frameworks",
				);
				PRODUCT_BUNDLE_IDENTIFIER = com.ktanaka117.PrincipleCheatSheetTests;
				PRODUCT_NAME = "$(TARGET_NAME)";
				SWIFT_VERSION = 4.2;
				TEST_HOST = "$(BUILT_PRODUCTS_DIR)/PrincipleCheatSheet.app/Contents/MacOS/PrincipleCheatSheet";
			};
			name = Debug;
		};
		B5393C9421CBDFE600B1FFF9 /* Release */ = {
			isa = XCBuildConfiguration;
			baseConfigurationReference = B7DD23502F3690D234B9495F /* Pods-PrincipleCheatSheetTests.release.xcconfig */;
			buildSettings = {
				ALWAYS_EMBED_SWIFT_STANDARD_LIBRARIES = YES;
				BUNDLE_LOADER = "$(TEST_HOST)";
				CODE_SIGN_STYLE = Automatic;
				COMBINE_HIDPI_IMAGES = YES;
				INFOPLIST_FILE = PrincipleCheatSheetTests/Info.plist;
				LD_RUNPATH_SEARCH_PATHS = (
					"$(inherited)",
					"@executable_path/../Frameworks",
					"@loader_path/../Frameworks",
				);
				PRODUCT_BUNDLE_IDENTIFIER = com.ktanaka117.PrincipleCheatSheetTests;
				PRODUCT_NAME = "$(TARGET_NAME)";
				SWIFT_VERSION = 4.2;
				TEST_HOST = "$(BUILT_PRODUCTS_DIR)/PrincipleCheatSheet.app/Contents/MacOS/PrincipleCheatSheet";
			};
			name = Release;
		};
/* End XCBuildConfiguration section */

/* Begin XCConfigurationList section */
		B5393C6F21CBDFE400B1FFF9 /* Build configuration list for PBXProject "PrincipleCheatSheet" */ = {
			isa = XCConfigurationList;
			buildConfigurations = (
				B5393C8D21CBDFE600B1FFF9 /* Debug */,
				B5393C8E21CBDFE600B1FFF9 /* Release */,
			);
			defaultConfigurationIsVisible = 0;
			defaultConfigurationName = Release;
		};
		B5393C8F21CBDFE600B1FFF9 /* Build configuration list for PBXNativeTarget "PrincipleCheatSheet" */ = {
			isa = XCConfigurationList;
			buildConfigurations = (
				B5393C9021CBDFE600B1FFF9 /* Debug */,
				B5393C9121CBDFE600B1FFF9 /* Release */,
			);
			defaultConfigurationIsVisible = 0;
			defaultConfigurationName = Release;
		};
		B5393C9221CBDFE600B1FFF9 /* Build configuration list for PBXNativeTarget "PrincipleCheatSheetTests" */ = {
			isa = XCConfigurationList;
			buildConfigurations = (
				B5393C9321CBDFE600B1FFF9 /* Debug */,
				B5393C9421CBDFE600B1FFF9 /* Release */,
			);
			defaultConfigurationIsVisible = 0;
			defaultConfigurationName = Release;
		};
/* End XCConfigurationList section */
	};
	rootObject = B5393C6C21CBDFE400B1FFF9 /* Project object */;
}
